
Microsoft Visual Studio Solution File, Format Version 12.00
# Visual Studio 15
VisualStudioVersion = 15.0.28010.2046
MinimumVisualStudioVersion = 10.0.40219.1
Project("{9A19103F-16F7-4668-BE54-9A1E7A4F7556}") = "Biz1PosApi", "Biz1PosApi\Biz1PosApi.csproj", "{5A8BBE96-1AF0-47C4-83DE-C069EC7EDB25}"
EndProject
Global
	GlobalSection(SolutionConfigurationPlatforms) = preSolution
		Debug|Any CPU = Debug|Any CPU
		Release|Any CPU = Release|Any CPU
	EndGlobalSection
	GlobalSection(ProjectConfigurationPlatforms) = postSolution
		{5A8BBE96-1AF0-47C4-83DE-C069EC7EDB25}.Debug|Any CPU.ActiveCfg = Debug|Any CPU
		{5A8BBE96-1AF0-47C4-83DE-C069EC7EDB25}.Debug|Any CPU.Build.0 = Debug|Any CPU
		{5A8BBE96-1AF0-47C4-83DE-C069EC7EDB25}.Release|Any CPU.ActiveCfg = Release|Any CPU
		{5A8BBE96-1AF0-47C4-83DE-C069EC7EDB25}.Release|Any CPU.Build.0 = Release|Any CPU
	EndGlobalSection
	GlobalSection(SolutionProperties) = preSolution
		HideSolutionNode = FALSE
	EndGlobalSection
	GlobalSection(ExtensibilityGlobals) = postSolution
		SolutionGuid = {6A703C09-72ED-4597-87A6-D6ABCB63D3A8}
	EndGlobalSection
	GlobalSection(TeamFoundationVersionControl) = preSolution
		SccNumberOfProjects = 2
		SccEnterpriseProvider = {4CA58AB2-18FA-4F8D-95D4-32DDF27D184C}
		SccTeamFoundationServer = https://karthicknath.visualstudio.com/
		SccLocalPath0 = .
		SccProjectUniqueName1 = Biz1PosApi\\Biz1PosApi.csproj
		SccProjectName1 = Biz1PosApi
		SccLocalPath1 = Biz1PosApi
	EndGlobalSection
EndGlobal
